# THIS IS AN AUTOGENERATED FILE. DO NOT EDIT THIS FILE DIRECTLY.
# yarn lockfile v1


bun-types@^0.0.83:
  version "0.0.83"
  resolved "https://registry.yarnpkg.com/bun-types/-/bun-types-0.0.83.tgz#0aaa5f8bb9decd6adcaee7e6acd8df6bd7680139"
  integrity sha512-mjg5gcreOzXN9+dMqSAGn44wUrmJvMy1RXA57vcDGdyuyDHO7W0OCHwHPBYivT41HgKuSHgagpezTw8NNl8puw==
